
Microsoft Visual Studio Solution File, Format Version 12.00
# Visual Studio Version 17
VisualStudioVersion = 17.7.34031.279
MinimumVisualStudioVersion = 10.0.40219.1
Project("{9A19103F-16F7-4668-BE54-9A1E7A4F7556}") = "proekt", "proekt\proekt.csproj", "{FEF093E6-0EF2-4B4B-A1FD-6FB42019FA98}"
EndProject
Project("{FAE04EC0-301F-11D3-BF4B-00C04F79EFBC}") = "nikulinakt4120.Tests", "nikulinakt4120.Tests\nikulinakt4120.Tests.csproj", "{2063DB4B-8C96-420A-A4F8-6B45F1977311}"
EndProject
Global
	GlobalSection(SolutionConfigurationPlatforms) = preSolution
		Debug|Any CPU = Debug|Any CPU
		Release|Any CPU = Release|Any CPU
	EndGlobalSection
	GlobalSection(ProjectConfigurationPlatforms) = postSolution
		{FEF093E6-0EF2-4B4B-A1FD-6FB42019FA98}.Debug|Any CPU.ActiveCfg = Debug|Any CPU
		{FEF093E6-0EF2-4B4B-A1FD-6FB42019FA98}.Debug|Any CPU.Build.0 = Debug|Any CPU
		{FEF093E6-0EF2-4B4B-A1FD-6FB42019FA98}.Release|Any CPU.ActiveCfg = Release|Any CPU
		{FEF093E6-0EF2-4B4B-A1FD-6FB42019FA98}.Release|Any CPU.Build.0 = Release|Any CPU
		{2063DB4B-8C96-420A-A4F8-6B45F1977311}.Debug|Any CPU.ActiveCfg = Debug|Any CPU
		{2063DB4B-8C96-420A-A4F8-6B45F1977311}.Debug|Any CPU.Build.0 = Debug|Any CPU
		{2063DB4B-8C96-420A-A4F8-6B45F1977311}.Release|Any CPU.ActiveCfg = Release|Any CPU
		{2063DB4B-8C96-420A-A4F8-6B45F1977311}.Release|Any CPU.Build.0 = Release|Any CPU
	EndGlobalSection
	GlobalSection(SolutionProperties) = preSolution
		HideSolutionNode = FALSE
	EndGlobalSection
	GlobalSection(ExtensibilityGlobals) = postSolution
		SolutionGuid = {A943E61C-D6FE-440C-BF40-2D851E4AD0D6}
	EndGlobalSection
EndGlobal
